// !$*UTF8*$!
{
	archiveVersion = 1;
	classes = {
	};
	objectVersion = 46;
	objects = {

/* Begin PBXFileReference section */
		3C8B1A8A18F84C0E00A89139 /* book.xml */ = {isa = PBXFileReference; lastKnownFileType = text.xml; path = book.xml; sourceTree = "<group>"; };
/* End PBXFileReference section */

/* Begin PBXGroup section */
		3C8B1A8018F84BC600A89139 = {
			isa = PBXGroup;
			children = (
				3C8B1A8718F84BDD00A89139 /* Files */,
			);
			sourceTree = "<group>";
		};
		3C8B1A8718F84BDD00A89139 /* Files */ = {
			isa = PBXGroup;
			children = (
				3C8B1A8A18F84C0E00A89139 /* book.xml */,
				3C8B1A8918F84BFC00A89139 /* pdf */,
				3C8B1A8818F84BF100A89139 /* figs */,
			);
			path = Files;
			sourceTree = "<group>";
		};
		3C8B1A8818F84BF100A89139 /* figs */ = {
			isa = PBXGroup;
			children = (
			);
			path = figs;
			sourceTree = "<group>";
		};
		3C8B1A8918F84BFC00A89139 /* pdf */ = {
			isa = PBXGroup;
			children = (
			);
			path = pdf;
			sourceTree = "<group>";
		};
/* End PBXGroup section */

/* Begin PBXProject section */
		3C8B1A8118F84BC600A89139 /* Project object */ = {
			isa = PBXProject;
			attributes = {
				LastUpgradeCheck = 0510;
			};
			buildConfigurationList = 3C8B1A8418F84BC600A89139 /* Build configuration list for PBXProject "DocumentacionDisenadorEncuestas" */;
			compatibilityVersion = "Xcode 3.2";
			developmentRegion = English;
			hasScannedForEncodings = 0;
			knownRegions = (
				en,
			);
			mainGroup = 3C8B1A8018F84BC600A89139;
			projectDirPath = "";
			projectRoot = "";
			targets = (
			);
		};
/* End PBXProject section */

/* Begin XCBuildConfiguration section */
		3C8B1A8518F84BC600A89139 /* Debug */ = {
			isa = XCBuildConfiguration;
			buildSettings = {
			};
			name = Debug;
		};
		3C8B1A8618F84BC600A89139 /* Release */ = {
			isa = XCBuildConfiguration;
			buildSettings = {
			};
			name = Release;
		};
/* End XCBuildConfiguration section */

/* Begin XCConfigurationList section */
		3C8B1A8418F84BC600A89139 /* Build configuration list for PBXProject "DocumentacionDisenadorEncuestas" */ = {
			isa = XCConfigurationList;
			buildConfigurations = (
				3C8B1A8518F84BC600A89139 /* Debug */,
				3C8B1A8618F84BC600A89139 /* Release */,
			);
			defaultConfigurationIsVisible = 0;
			defaultConfigurationName = Release;
		};
/* End XCConfigurationList section */
	};
	rootObject = 3C8B1A8118F84BC600A89139 /* Project object */;
}
